
Microsoft Visual Studio Solution File, Format Version 12.00
# Visual Studio Version 16
VisualStudioVersion = 16.0.30804.86
MinimumVisualStudioVersion = 10.0.40219.1
Project("{9A19103F-16F7-4668-BE54-9A1E7A4F7556}") = "Binance.Trading.Bot", "Binance.Trading.Bot\Binance.Trading.Bot.csproj", "{C49448DA-332A-4CF3-A54C-F2AE766374C2}"
EndProject
Project("{9A19103F-16F7-4668-BE54-9A1E7A4F7556}") = "Binance.Trading.Bot.Test", "Binance.Trading.Bot.Test\Binance.Trading.Bot.Test.csproj", "{1696764C-CED2-4E44-A63E-3C045E0C2416}"
EndProject
Global
	GlobalSection(SolutionConfigurationPlatforms) = preSolution
		Debug|Any CPU = Debug|Any CPU
		Debug|x64 = Debug|x64
		Release|Any CPU = Release|Any CPU
		Release|x64 = Release|x64
	EndGlobalSection
	GlobalSection(ProjectConfigurationPlatforms) = postSolution
		{C49448DA-332A-4CF3-A54C-F2AE766374C2}.Debug|Any CPU.ActiveCfg = Debug|Any CPU
		{C49448DA-332A-4CF3-A54C-F2AE766374C2}.Debug|Any CPU.Build.0 = Debug|Any CPU
		{C49448DA-332A-4CF3-A54C-F2AE766374C2}.Debug|x64.ActiveCfg = Debug|Any CPU
		{C49448DA-332A-4CF3-A54C-F2AE766374C2}.Debug|x64.Build.0 = Debug|Any CPU
		{C49448DA-332A-4CF3-A54C-F2AE766374C2}.Release|Any CPU.ActiveCfg = Release|Any CPU
		{C49448DA-332A-4CF3-A54C-F2AE766374C2}.Release|Any CPU.Build.0 = Release|Any CPU
		{C49448DA-332A-4CF3-A54C-F2AE766374C2}.Release|x64.ActiveCfg = Release|Any CPU
		{C49448DA-332A-4CF3-A54C-F2AE766374C2}.Release|x64.Build.0 = Release|Any CPU
		{1696764C-CED2-4E44-A63E-3C045E0C2416}.Debug|Any CPU.ActiveCfg = Debug|Any CPU
		{1696764C-CED2-4E44-A63E-3C045E0C2416}.Debug|Any CPU.Build.0 = Debug|Any CPU
		{1696764C-CED2-4E44-A63E-3C045E0C2416}.Debug|x64.ActiveCfg = Debug|x64
		{1696764C-CED2-4E44-A63E-3C045E0C2416}.Debug|x64.Build.0 = Debug|x64
		{1696764C-CED2-4E44-A63E-3C045E0C2416}.Release|Any CPU.ActiveCfg = Release|Any CPU
		{1696764C-CED2-4E44-A63E-3C045E0C2416}.Release|Any CPU.Build.0 = Release|Any CPU
		{1696764C-CED2-4E44-A63E-3C045E0C2416}.Release|x64.ActiveCfg = Release|Any CPU
		{1696764C-CED2-4E44-A63E-3C045E0C2416}.Release|x64.Build.0 = Release|Any CPU
	EndGlobalSection
	GlobalSection(SolutionProperties) = preSolution
		HideSolutionNode = FALSE
	EndGlobalSection
	GlobalSection(ExtensibilityGlobals) = postSolution
		SolutionGuid = {F47EB09F-2FFE-4105-BCF8-A39E941555A1}
	EndGlobalSection
EndGlobal
